[[package]]
name = "argparse"
version = "0.2.2"
source = "registry+https://github.com/rust-lang/crates.io-index"

[[package]]
name = "papyrus"
version = "0.1.1"
dependencies = [
 "argparse 0.2.2 (registry+https://github.com/rust-lang/crates.io-index)",
]

[metadata]
"checksum argparse 0.2.2 (registry+https://github.com/rust-lang/crates.io-index)" = "3f8ebf5827e4ac4fd5946560e6a99776ea73b596d80898f357007317a7141e47"
